
Microsoft Visual Studio Solution File, Format Version 12.00
# Visual Studio 14
VisualStudioVersion = 14.0.25420.1
MinimumVisualStudioVersion = 10.0.40219.1
Project("{FAE04EC0-301F-11D3-BF4B-00C04F79EFBC}") = "Acme.StringCalculator", "Acme.StringCalculator\Acme.StringCalculator.csproj", "{D13622AB-CC41-46FC-A4BD-FD4DBA0A0849}"
EndProject
Project("{FAE04EC0-301F-11D3-BF4B-00C04F79EFBC}") = "Acme.StringCalculator.Specs", "Acme.StringCalculator.Specs\Acme.StringCalculator.Specs.csproj", "{83E0989C-BD14-42F8-A175-73F0D21537EB}"
EndProject
Project("{FAE04EC0-301F-11D3-BF4B-00C04F79EFBC}") = "Acme.StringCalculator.Tests", "Acme.StringCalculator.Tests\Acme.StringCalculator.Tests.csproj", "{73C02F13-B440-4674-AA79-786A682BDAE1}"
EndProject
Global
	GlobalSection(SolutionConfigurationPlatforms) = preSolution
		Debug|Any CPU = Debug|Any CPU
		Release|Any CPU = Release|Any CPU
	EndGlobalSection
	GlobalSection(ProjectConfigurationPlatforms) = postSolution
		{D13622AB-CC41-46FC-A4BD-FD4DBA0A0849}.Debug|Any CPU.ActiveCfg = Debug|Any CPU
		{D13622AB-CC41-46FC-A4BD-FD4DBA0A0849}.Debug|Any CPU.Build.0 = Debug|Any CPU
		{D13622AB-CC41-46FC-A4BD-FD4DBA0A0849}.Release|Any CPU.ActiveCfg = Release|Any CPU
		{D13622AB-CC41-46FC-A4BD-FD4DBA0A0849}.Release|Any CPU.Build.0 = Release|Any CPU
		{83E0989C-BD14-42F8-A175-73F0D21537EB}.Debug|Any CPU.ActiveCfg = Debug|Any CPU
		{83E0989C-BD14-42F8-A175-73F0D21537EB}.Debug|Any CPU.Build.0 = Debug|Any CPU
		{83E0989C-BD14-42F8-A175-73F0D21537EB}.Release|Any CPU.ActiveCfg = Release|Any CPU
		{83E0989C-BD14-42F8-A175-73F0D21537EB}.Release|Any CPU.Build.0 = Release|Any CPU
		{73C02F13-B440-4674-AA79-786A682BDAE1}.Debug|Any CPU.ActiveCfg = Debug|Any CPU
		{73C02F13-B440-4674-AA79-786A682BDAE1}.Debug|Any CPU.Build.0 = Debug|Any CPU
		{73C02F13-B440-4674-AA79-786A682BDAE1}.Release|Any CPU.ActiveCfg = Release|Any CPU
		{73C02F13-B440-4674-AA79-786A682BDAE1}.Release|Any CPU.Build.0 = Release|Any CPU
	EndGlobalSection
	GlobalSection(SolutionProperties) = preSolution
		HideSolutionNode = FALSE
	EndGlobalSection
EndGlobal
